
Microsoft Visual Studio Solution File, Format Version 12.00
# Visual Studio Version 16
VisualStudioVersion = 16.0.31424.327
MinimumVisualStudioVersion = 10.0.40219.1
Project("{FAE04EC0-301F-11D3-BF4B-00C04F79EFBC}") = "Minidump", "Minidump.csproj", "{BA1F3992-9654-4424-A0CC-26158FDFBF74}"
EndProject
Global
	GlobalSection(SolutionConfigurationPlatforms) = preSolution
		Debug|Any CPU = Debug|Any CPU
		Release|Any CPU = Release|Any CPU
	EndGlobalSection
	GlobalSection(ProjectConfigurationPlatforms) = postSolution
		{BA1F3992-9654-4424-A0CC-26158FDFBF74}.Debug|Any CPU.ActiveCfg = Debug|Any CPU
		{BA1F3992-9654-4424-A0CC-26158FDFBF74}.Debug|Any CPU.Build.0 = Debug|Any CPU
		{BA1F3992-9654-4424-A0CC-26158FDFBF74}.Release|Any CPU.ActiveCfg = Release|Any CPU
		{BA1F3992-9654-4424-A0CC-26158FDFBF74}.Release|Any CPU.Build.0 = Release|Any CPU
	EndGlobalSection
	GlobalSection(SolutionProperties) = preSolution
		HideSolutionNode = FALSE
	EndGlobalSection
	GlobalSection(ExtensibilityGlobals) = postSolution
		SolutionGuid = {49F52435-5786-4088-BAEC-444E0B1D1B74}
	EndGlobalSection
EndGlobal
